// !$*UTF8*$!
{
	archiveVersion = 1;
	classes = {
	};
	objectVersion = 46;
	objects = {

/* Begin PBXBuildFile section */
		F710CF3118AC5BA200640D00 /* MSBlock.m in Sources */ = {isa = PBXBuildFile; fileRef = F710CF3018AC5BA200640D00 /* MSBlock.m */; };
		F73F6D2A18AC586B00734B00 /* Foundation.framework in Frameworks */ = {isa = PBXBuildFile; fileRef = F73F6D2918AC586B00734B00 /* Foundation.framework */; };
		F73F6D2C18AC586B00734B00 /* CoreGraphics.framework in Frameworks */ = {isa = PBXBuildFile; fileRef = F73F6D2B18AC586B00734B00 /* CoreGraphics.framework */; };
		F73F6D2E18AC586B00734B00 /* UIKit.framework in Frameworks */ = {isa = PBXBuildFile; fileRef = F73F6D2D18AC586B00734B00 /* UIKit.framework */; };
		F73F6D3418AC586B00734B00 /* InfoPlist.strings in Resources */ = {isa = PBXBuildFile; fileRef = F73F6D3218AC586B00734B00 /* InfoPlist.strings */; };
		F73F6D3618AC586B00734B00 /* main.m in Sources */ = {isa = PBXBuildFile; fileRef = F73F6D3518AC586B00734B00 /* main.m */; };
		F73F6D3A18AC586B00734B00 /* MSAppDelegate.m in Sources */ = {isa = PBXBuildFile; fileRef = F73F6D3918AC586B00734B00 /* MSAppDelegate.m */; };
		F73F6D3D18AC586B00734B00 /* Main_iPhone.storyboard in Resources */ = {isa = PBXBuildFile; fileRef = F73F6D3B18AC586B00734B00 /* Main_iPhone.storyboard */; };
		F73F6D4018AC586B00734B00 /* Main_iPad.storyboard in Resources */ = {isa = PBXBuildFile; fileRef = F73F6D3E18AC586B00734B00 /* Main_iPad.storyboard */; };
		F73F6D4518AC586B00734B00 /* Images.xcassets in Resources */ = {isa = PBXBuildFile; fileRef = F73F6D4418AC586B00734B00 /* Images.xcassets */; };
		F73F6D4C18AC586B00734B00 /* XCTest.framework in Frameworks */ = {isa = PBXBuildFile; fileRef = F73F6D4B18AC586B00734B00 /* XCTest.framework */; };
		F73F6D4D18AC586B00734B00 /* Foundation.framework in Frameworks */ = {isa = PBXBuildFile; fileRef = F73F6D2918AC586B00734B00 /* Foundation.framework */; };
		F73F6D4E18AC586B00734B00 /* UIKit.framework in Frameworks */ = {isa = PBXBuildFile; fileRef = F73F6D2D18AC586B00734B00 /* UIKit.framework */; };
		F73F6D5618AC586B00734B00 /* InfoPlist.strings in Resources */ = {isa = PBXBuildFile; fileRef = F73F6D5418AC586B00734B00 /* InfoPlist.strings */; };
		F73F6D5818AC586B00734B00 /* MegaStackTests.m in Sources */ = {isa = PBXBuildFile; fileRef = F73F6D5718AC586B00734B00 /* MegaStackTests.m */; };
		F758D2B418AD5AA8005247EF /* TestFlightSDK2 in Resources */ = {isa = PBXBuildFile; fileRef = F758D2B318AD5AA8005247EF /* TestFlightSDK2 */; };
		F758D2B618AD5B1E005247EF /* libz.dylib in Frameworks */ = {isa = PBXBuildFile; fileRef = F758D2B518AD5B1E005247EF /* libz.dylib */; };
		F758D2B818AD5B33005247EF /* libTestFlight.a in Frameworks */ = {isa = PBXBuildFile; fileRef = F758D2B718AD5B33005247EF /* libTestFlight.a */; };
		F758D2BB18AD66B3005247EF /* MSTouchDownGestureRecognizer.m in Sources */ = {isa = PBXBuildFile; fileRef = F758D2BA18AD66B3005247EF /* MSTouchDownGestureRecognizer.m */; };
		F7B05F1718AC599600E904BE /* MSGameViewController.m in Sources */ = {isa = PBXBuildFile; fileRef = F7B05F1618AC599600E904BE /* MSGameViewController.m */; };
		F7B05F1A18AC5A0900E904BE /* MSMegaStackGameboard.m in Sources */ = {isa = PBXBuildFile; fileRef = F7B05F1918AC5A0900E904BE /* MSMegaStackGameboard.m */; };
		F7B05F1D18AC742100E904BE /* MSMegaStackGamebrain.m in Sources */ = {isa = PBXBuildFile; fileRef = F7B05F1C18AC742100E904BE /* MSMegaStackGamebrain.m */; };
/* End PBXBuildFile section */

/* Begin PBXContainerItemProxy section */
		F73F6D4F18AC586B00734B00 /* PBXContainerItemProxy */ = {
			isa = PBXContainerItemProxy;
			containerPortal = F73F6D1E18AC586B00734B00 /* Project object */;
			proxyType = 1;
			remoteGlobalIDString = F73F6D2518AC586B00734B00;
			remoteInfo = MegaStack;
		};
/* End PBXContainerItemProxy section */

/* Begin PBXFileReference section */
		F710CF2F18AC5BA200640D00 /* MSBlock.h */ = {isa = PBXFileReference; fileEncoding = 4; lastKnownFileType = sourcecode.c.h; path = MSBlock.h; sourceTree = "<group>"; };
		F710CF3018AC5BA200640D00 /* MSBlock.m */ = {isa = PBXFileReference; fileEncoding = 4; lastKnownFileType = sourcecode.c.objc; path = MSBlock.m; sourceTree = "<group>"; };
		F73F6D2618AC586B00734B00 /* MegaStack.app */ = {isa = PBXFileReference; explicitFileType = wrapper.application; includeInIndex = 0; path = MegaStack.app; sourceTree = BUILT_PRODUCTS_DIR; };
		F73F6D2918AC586B00734B00 /* Foundation.framework */ = {isa = PBXFileReference; lastKnownFileType = wrapper.framework; name = Foundation.framework; path = System/Library/Frameworks/Foundation.framework; sourceTree = SDKROOT; };
		F73F6D2B18AC586B00734B00 /* CoreGraphics.framework */ = {isa = PBXFileReference; lastKnownFileType = wrapper.framework; name = CoreGraphics.framework; path = System/Library/Frameworks/CoreGraphics.framework; sourceTree = SDKROOT; };
		F73F6D2D18AC586B00734B00 /* UIKit.framework */ = {isa = PBXFileReference; lastKnownFileType = wrapper.framework; name = UIKit.framework; path = System/Library/Frameworks/UIKit.framework; sourceTree = SDKROOT; };
		F73F6D3118AC586B00734B00 /* MegaStack-Info.plist */ = {isa = PBXFileReference; lastKnownFileType = text.plist.xml; path = "MegaStack-Info.plist"; sourceTree = "<group>"; };
		F73F6D3318AC586B00734B00 /* en */ = {isa = PBXFileReference; lastKnownFileType = text.plist.strings; name = en; path = en.lproj/InfoPlist.strings; sourceTree = "<group>"; };
		F73F6D3518AC586B00734B00 /* main.m */ = {isa = PBXFileReference; lastKnownFileType = sourcecode.c.objc; path = main.m; sourceTree = "<group>"; };
		F73F6D3718AC586B00734B00 /* MegaStack-Prefix.pch */ = {isa = PBXFileReference; lastKnownFileType = sourcecode.c.h; path = "MegaStack-Prefix.pch"; sourceTree = "<group>"; };
		F73F6D3818AC586B00734B00 /* MSAppDelegate.h */ = {isa = PBXFileReference; lastKnownFileType = sourcecode.c.h; path = MSAppDelegate.h; sourceTree = "<group>"; };
		F73F6D3918AC586B00734B00 /* MSAppDelegate.m */ = {isa = PBXFileReference; lastKnownFileType = sourcecode.c.objc; path = MSAppDelegate.m; sourceTree = "<group>"; };
		F73F6D3C18AC586B00734B00 /* Base */ = {isa = PBXFileReference; lastKnownFileType = file.storyboard; name = Base; path = Base.lproj/Main_iPhone.storyboard; sourceTree = "<group>"; };
		F73F6D3F18AC586B00734B00 /* Base */ = {isa = PBXFileReference; lastKnownFileType = file.storyboard; name = Base; path = Base.lproj/Main_iPad.storyboard; sourceTree = "<group>"; };
		F73F6D4418AC586B00734B00 /* Images.xcassets */ = {isa = PBXFileReference; lastKnownFileType = folder.assetcatalog; path = Images.xcassets; sourceTree = "<group>"; };
		F73F6D4A18AC586B00734B00 /* MegaStackTests.xctest */ = {isa = PBXFileReference; explicitFileType = wrapper.cfbundle; includeInIndex = 0; path = MegaStackTests.xctest; sourceTree = BUILT_PRODUCTS_DIR; };
		F73F6D4B18AC586B00734B00 /* XCTest.framework */ = {isa = PBXFileReference; lastKnownFileType = wrapper.framework; name = XCTest.framework; path = Library/Frameworks/XCTest.framework; sourceTree = DEVELOPER_DIR; };
		F73F6D5318AC586B00734B00 /* MegaStackTests-Info.plist */ = {isa = PBXFileReference; lastKnownFileType = text.plist.xml; path = "MegaStackTests-Info.plist"; sourceTree = "<group>"; };
		F73F6D5518AC586B00734B00 /* en */ = {isa = PBXFileReference; lastKnownFileType = text.plist.strings; name = en; path = en.lproj/InfoPlist.strings; sourceTree = "<group>"; };
		F73F6D5718AC586B00734B00 /* MegaStackTests.m */ = {isa = PBXFileReference; lastKnownFileType = sourcecode.c.objc; path = MegaStackTests.m; sourceTree = "<group>"; };
		F758D2B318AD5AA8005247EF /* TestFlightSDK2 */ = {isa = PBXFileReference; lastKnownFileType = folder; path = TestFlightSDK2; sourceTree = "<group>"; };
		F758D2B518AD5B1E005247EF /* libz.dylib */ = {isa = PBXFileReference; lastKnownFileType = "compiled.mach-o.dylib"; name = libz.dylib; path = usr/lib/libz.dylib; sourceTree = SDKROOT; };
		F758D2B718AD5B33005247EF /* libTestFlight.a */ = {isa = PBXFileReference; lastKnownFileType = archive.ar; name = libTestFlight.a; path = MegaStack/TestFlightSDK2/libTestFlight.a; sourceTree = "<group>"; };
		F758D2B918AD66B3005247EF /* MSTouchDownGestureRecognizer.h */ = {isa = PBXFileReference; fileEncoding = 4; lastKnownFileType = sourcecode.c.h; path = MSTouchDownGestureRecognizer.h; sourceTree = "<group>"; };
		F758D2BA18AD66B3005247EF /* MSTouchDownGestureRecognizer.m */ = {isa = PBXFileReference; fileEncoding = 4; lastKnownFileType = sourcecode.c.objc; path = MSTouchDownGestureRecognizer.m; sourceTree = "<group>"; };
		F7B05F1518AC599600E904BE /* MSGameViewController.h */ = {isa = PBXFileReference; fileEncoding = 4; lastKnownFileType = sourcecode.c.h; path = MSGameViewController.h; sourceTree = "<group>"; };
		F7B05F1618AC599600E904BE /* MSGameViewController.m */ = {isa = PBXFileReference; fileEncoding = 4; lastKnownFileType = sourcecode.c.objc; path = MSGameViewController.m; sourceTree = "<group>"; };
		F7B05F1818AC5A0900E904BE /* MSMegaStackGameboard.h */ = {isa = PBXFileReference; fileEncoding = 4; lastKnownFileType = sourcecode.c.h; path = MSMegaStackGameboard.h; sourceTree = "<group>"; };
		F7B05F1918AC5A0900E904BE /* MSMegaStackGameboard.m */ = {isa = PBXFileReference; fileEncoding = 4; lastKnownFileType = sourcecode.c.objc; path = MSMegaStackGameboard.m; sourceTree = "<group>"; };
		F7B05F1B18AC742100E904BE /* MSMegaStackGamebrain.h */ = {isa = PBXFileReference; fileEncoding = 4; lastKnownFileType = sourcecode.c.h; path = MSMegaStackGamebrain.h; sourceTree = "<group>"; };
		F7B05F1C18AC742100E904BE /* MSMegaStackGamebrain.m */ = {isa = PBXFileReference; fileEncoding = 4; lastKnownFileType = sourcecode.c.objc; path = MSMegaStackGamebrain.m; sourceTree = "<group>"; };
/* End PBXFileReference section */

/* Begin PBXFrameworksBuildPhase section */
		F73F6D2318AC586B00734B00 /* Frameworks */ = {
			isa = PBXFrameworksBuildPhase;
			buildActionMask = 2147483647;
			files = (
				F758D2B818AD5B33005247EF /* libTestFlight.a in Frameworks */,
				F758D2B618AD5B1E005247EF /* libz.dylib in Frameworks */,
				F73F6D2C18AC586B00734B00 /* CoreGraphics.framework in Frameworks */,
				F73F6D2E18AC586B00734B00 /* UIKit.framework in Frameworks */,
				F73F6D2A18AC586B00734B00 /* Foundation.framework in Frameworks */,
			);
			runOnlyForDeploymentPostprocessing = 0;
		};
		F73F6D4718AC586B00734B00 /* Frameworks */ = {
			isa = PBXFrameworksBuildPhase;
			buildActionMask = 2147483647;
			files = (
				F73F6D4C18AC586B00734B00 /* XCTest.framework in Frameworks */,
				F73F6D4E18AC586B00734B00 /* UIKit.framework in Frameworks */,
				F73F6D4D18AC586B00734B00 /* Foundation.framework in Frameworks */,
			);
			runOnlyForDeploymentPostprocessing = 0;
		};
/* End PBXFrameworksBuildPhase section */

/* Begin PBXGroup section */
		F73F6D1D18AC586B00734B00 = {
			isa = PBXGroup;
			children = (
				F73F6D2F18AC586B00734B00 /* MegaStack */,
				F73F6D5118AC586B00734B00 /* MegaStackTests */,
				F73F6D2818AC586B00734B00 /* Frameworks */,
				F73F6D2718AC586B00734B00 /* Products */,
			);
			sourceTree = "<group>";
		};
		F73F6D2718AC586B00734B00 /* Products */ = {
			isa = PBXGroup;
			children = (
				F73F6D2618AC586B00734B00 /* MegaStack.app */,
				F73F6D4A18AC586B00734B00 /* MegaStackTests.xctest */,
			);
			name = Products;
			sourceTree = "<group>";
		};
		F73F6D2818AC586B00734B00 /* Frameworks */ = {
			isa = PBXGroup;
			children = (
				F758D2B718AD5B33005247EF /* libTestFlight.a */,
				F758D2B518AD5B1E005247EF /* libz.dylib */,
				F73F6D2918AC586B00734B00 /* Foundation.framework */,
				F73F6D2B18AC586B00734B00 /* CoreGraphics.framework */,
				F73F6D2D18AC586B00734B00 /* UIKit.framework */,
				F73F6D4B18AC586B00734B00 /* XCTest.framework */,
			);
			name = Frameworks;
			sourceTree = "<group>";
		};
		F73F6D2F18AC586B00734B00 /* MegaStack */ = {
			isa = PBXGroup;
			children = (
				F751226818B1C30C004E9096 /* GestureRecognizer */,
				F751226718B1C2F5004E9096 /* Gamebrain */,
				F751226618B1C2E6004E9096 /* Gameboard */,
				F7B05F1218AC58DA00E904BE /* Models */,
				F7B05F1318AC58E200E904BE /* ViewControllers */,
				F7B05F1418AC58FD00E904BE /* Storyboards */,
				F73F6D4418AC586B00734B00 /* Images.xcassets */,
				F73F6D3018AC586B00734B00 /* Supporting Files */,
			);
			path = MegaStack;
			sourceTree = "<group>";
		};
		F73F6D3018AC586B00734B00 /* Supporting Files */ = {
			isa = PBXGroup;
			children = (
				F758D2B318AD5AA8005247EF /* TestFlightSDK2 */,
				F73F6D3818AC586B00734B00 /* MSAppDelegate.h */,
				F73F6D3918AC586B00734B00 /* MSAppDelegate.m */,
				F73F6D3118AC586B00734B00 /* MegaStack-Info.plist */,
				F73F6D3218AC586B00734B00 /* InfoPlist.strings */,
				F73F6D3518AC586B00734B00 /* main.m */,
				F73F6D3718AC586B00734B00 /* MegaStack-Prefix.pch */,
			);
			name = "Supporting Files";
			sourceTree = "<group>";
		};
		F73F6D5118AC586B00734B00 /* MegaStackTests */ = {
			isa = PBXGroup;
			children = (
				F73F6D5718AC586B00734B00 /* MegaStackTests.m */,
				F73F6D5218AC586B00734B00 /* Supporting Files */,
			);
			path = MegaStackTests;
			sourceTree = "<group>";
		};
		F73F6D5218AC586B00734B00 /* Supporting Files */ = {
			isa = PBXGroup;
			children = (
				F73F6D5318AC586B00734B00 /* MegaStackTests-Info.plist */,
				F73F6D5418AC586B00734B00 /* InfoPlist.strings */,
			);
			name = "Supporting Files";
			sourceTree = "<group>";
		};
		F751226618B1C2E6004E9096 /* Gameboard */ = {
			isa = PBXGroup;
			children = (
				F7B05F1818AC5A0900E904BE /* MSMegaStackGameboard.h */,
				F7B05F1918AC5A0900E904BE /* MSMegaStackGameboard.m */,
			);
			name = Gameboard;
			sourceTree = "<group>";
		};
		F751226718B1C2F5004E9096 /* Gamebrain */ = {
			isa = PBXGroup;
			children = (
				F7B05F1B18AC742100E904BE /* MSMegaStackGamebrain.h */,
				F7B05F1C18AC742100E904BE /* MSMegaStackGamebrain.m */,
			);
			name = Gamebrain;
			sourceTree = "<group>";
		};
		F751226818B1C30C004E9096 /* GestureRecognizer */ = {
			isa = PBXGroup;
			children = (
				F758D2B918AD66B3005247EF /* MSTouchDownGestureRecognizer.h */,
				F758D2BA18AD66B3005247EF /* MSTouchDownGestureRecognizer.m */,
			);
			name = GestureRecognizer;
			sourceTree = "<group>";
		};
		F7B05F1218AC58DA00E904BE /* Models */ = {
			isa = PBXGroup;
			children = (
				F710CF2F18AC5BA200640D00 /* MSBlock.h */,
				F710CF3018AC5BA200640D00 /* MSBlock.m */,
			);
			name = Models;
			sourceTree = "<group>";
		};
		F7B05F1318AC58E200E904BE /* ViewControllers */ = {
			isa = PBXGroup;
			children = (
				F7B05F1518AC599600E904BE /* MSGameViewController.h */,
				F7B05F1618AC599600E904BE /* MSGameViewController.m */,
			);
			name = ViewControllers;
			sourceTree = "<group>";
		};
		F7B05F1418AC58FD00E904BE /* Storyboards */ = {
			isa = PBXGroup;
			children = (
				F73F6D3B18AC586B00734B00 /* Main_iPhone.storyboard */,
				F73F6D3E18AC586B00734B00 /* Main_iPad.storyboard */,
			);
			name = Storyboards;
			sourceTree = "<group>";
		};
/* End PBXGroup section */

/* Begin PBXNativeTarget section */
		F73F6D2518AC586B00734B00 /* MegaStack */ = {
			isa = PBXNativeTarget;
			buildConfigurationList = F73F6D5B18AC586B00734B00 /* Build configuration list for PBXNativeTarget "MegaStack" */;
			buildPhases = (
				F73F6D2218AC586B00734B00 /* Sources */,
				F73F6D2318AC586B00734B00 /* Frameworks */,
				F73F6D2418AC586B00734B00 /* Resources */,
			);
			buildRules = (
			);
			dependencies = (
			);
			name = MegaStack;
			productName = MegaStack;
			productReference = F73F6D2618AC586B00734B00 /* MegaStack.app */;
			productType = "com.apple.product-type.application";
		};
		F73F6D4918AC586B00734B00 /* MegaStackTests */ = {
			isa = PBXNativeTarget;
			buildConfigurationList = F73F6D5E18AC586B00734B00 /* Build configuration list for PBXNativeTarget "MegaStackTests" */;
			buildPhases = (
				F73F6D4618AC586B00734B00 /* Sources */,
				F73F6D4718AC586B00734B00 /* Frameworks */,
				F73F6D4818AC586B00734B00 /* Resources */,
			);
			buildRules = (
			);
			dependencies = (
				F73F6D5018AC586B00734B00 /* PBXTargetDependency */,
			);
			name = MegaStackTests;
			productName = MegaStackTests;
			productReference = F73F6D4A18AC586B00734B00 /* MegaStackTests.xctest */;
			productType = "com.apple.product-type.bundle.unit-test";
		};
/* End PBXNativeTarget section */

/* Begin PBXProject section */
		F73F6D1E18AC586B00734B00 /* Project object */ = {
			isa = PBXProject;
			attributes = {
				CLASSPREFIX = MS;
				LastUpgradeCheck = 0500;
				ORGANIZATIONNAME = OSU;
				TargetAttributes = {
					F73F6D2518AC586B00734B00 = {
						DevelopmentTeam = 4997CKN8MT;
					};
					F73F6D4918AC586B00734B00 = {
						TestTargetID = F73F6D2518AC586B00734B00;
					};
				};
			};
			buildConfigurationList = F73F6D2118AC586B00734B00 /* Build configuration list for PBXProject "MegaStack" */;
			compatibilityVersion = "Xcode 3.2";
			developmentRegion = English;
			hasScannedForEncodings = 0;
			knownRegions = (
				en,
				Base,
			);
			mainGroup = F73F6D1D18AC586B00734B00;
			productRefGroup = F73F6D2718AC586B00734B00 /* Products */;
			projectDirPath = "";
			projectRoot = "";
			targets = (
				F73F6D2518AC586B00734B00 /* MegaStack */,
				F73F6D4918AC586B00734B00 /* MegaStackTests */,
			);
		};
/* End PBXProject section */

/* Begin PBXResourcesBuildPhase section */
		F73F6D2418AC586B00734B00 /* Resources */ = {
			isa = PBXResourcesBuildPhase;
			buildActionMask = 2147483647;
			files = (
				F73F6D4018AC586B00734B00 /* Main_iPad.storyboard in Resources */,
				F758D2B418AD5AA8005247EF /* TestFlightSDK2 in Resources */,
				F73F6D4518AC586B00734B00 /* Images.xcassets in Resources */,
				F73F6D3D18AC586B00734B00 /* Main_iPhone.storyboard in Resources */,
				F73F6D3418AC586B00734B00 /* InfoPlist.strings in Resources */,
			);
			runOnlyForDeploymentPostprocessing = 0;
		};
		F73F6D4818AC586B00734B00 /* Resources */ = {
			isa = PBXResourcesBuildPhase;
			buildActionMask = 2147483647;
			files = (
				F73F6D5618AC586B00734B00 /* InfoPlist.strings in Resources */,
			);
			runOnlyForDeploymentPostprocessing = 0;
		};
/* End PBXResourcesBuildPhase section */

/* Begin PBXSourcesBuildPhase section */
		F73F6D2218AC586B00734B00 /* Sources */ = {
			isa = PBXSourcesBuildPhase;
			buildActionMask = 2147483647;
			files = (
				F73F6D3A18AC586B00734B00 /* MSAppDelegate.m in Sources */,
				F710CF3118AC5BA200640D00 /* MSBlock.m in Sources */,
				F7B05F1A18AC5A0900E904BE /* MSMegaStackGameboard.m in Sources */,
				F758D2BB18AD66B3005247EF /* MSTouchDownGestureRecognizer.m in Sources */,
				F7B05F1D18AC742100E904BE /* MSMegaStackGamebrain.m in Sources */,
				F7B05F1718AC599600E904BE /* MSGameViewController.m in Sources */,
				F73F6D3618AC586B00734B00 /* main.m in Sources */,
			);
			runOnlyForDeploymentPostprocessing = 0;
		};
		F73F6D4618AC586B00734B00 /* Sources */ = {
			isa = PBXSourcesBuildPhase;
			buildActionMask = 2147483647;
			files = (
				F73F6D5818AC586B00734B00 /* MegaStackTests.m in Sources */,
			);
			runOnlyForDeploymentPostprocessing = 0;
		};
/* End PBXSourcesBuildPhase section */

/* Begin PBXTargetDependency section */
		F73F6D5018AC586B00734B00 /* PBXTargetDependency */ = {
			isa = PBXTargetDependency;
			target = F73F6D2518AC586B00734B00 /* MegaStack */;
			targetProxy = F73F6D4F18AC586B00734B00 /* PBXContainerItemProxy */;
		};
/* End PBXTargetDependency section */

/* Begin PBXVariantGroup section */
		F73F6D3218AC586B00734B00 /* InfoPlist.strings */ = {
			isa = PBXVariantGroup;
			children = (
				F73F6D3318AC586B00734B00 /* en */,
			);
			name = InfoPlist.strings;
			sourceTree = "<group>";
		};
		F73F6D3B18AC586B00734B00 /* Main_iPhone.storyboard */ = {
			isa = PBXVariantGroup;
			children = (
				F73F6D3C18AC586B00734B00 /* Base */,
			);
			name = Main_iPhone.storyboard;
			sourceTree = "<group>";
		};
		F73F6D3E18AC586B00734B00 /* Main_iPad.storyboard */ = {
			isa = PBXVariantGroup;
			children = (
				F73F6D3F18AC586B00734B00 /* Base */,
			);
			name = Main_iPad.storyboard;
			sourceTree = "<group>";
		};
		F73F6D5418AC586B00734B00 /* InfoPlist.strings */ = {
			isa = PBXVariantGroup;
			children = (
				F73F6D5518AC586B00734B00 /* en */,
			);
			name = InfoPlist.strings;
			sourceTree = "<group>";
		};
/* End PBXVariantGroup section */

/* Begin XCBuildConfiguration section */
		F73F6D5918AC586B00734B00 /* Debug */ = {
			isa = XCBuildConfiguration;
			buildSettings = {
				ALWAYS_SEARCH_USER_PATHS = NO;
				ARCHS = "$(ARCHS_STANDARD_INCLUDING_64_BIT)";
				CLANG_CXX_LANGUAGE_STANDARD = "gnu++0x";
				CLANG_CXX_LIBRARY = "libc++";
				CLANG_ENABLE_MODULES = YES;
				CLANG_ENABLE_OBJC_ARC = YES;
				CLANG_WARN_BOOL_CONVERSION = YES;
				CLANG_WARN_CONSTANT_CONVERSION = YES;
				CLANG_WARN_DIRECT_OBJC_ISA_USAGE = YES_ERROR;
				CLANG_WARN_EMPTY_BODY = YES;
				CLANG_WARN_ENUM_CONVERSION = YES;
				CLANG_WARN_INT_CONVERSION = YES;
				CLANG_WARN_OBJC_ROOT_CLASS = YES_ERROR;
				CLANG_WARN__DUPLICATE_METHOD_MATCH = YES;
				"CODE_SIGN_IDENTITY[sdk=iphoneos*]" = "iPhone Distribution";
				COPY_PHASE_STRIP = NO;
				GCC_C_LANGUAGE_STANDARD = gnu99;
				GCC_DYNAMIC_NO_PIC = NO;
				GCC_OPTIMIZATION_LEVEL = 0;
				GCC_PREPROCESSOR_DEFINITIONS = (
					"DEBUG=1",
					"$(inherited)",
				);
				GCC_SYMBOLS_PRIVATE_EXTERN = NO;
				GCC_WARN_64_TO_32_BIT_CONVERSION = YES;
				GCC_WARN_ABOUT_RETURN_TYPE = YES_ERROR;
				GCC_WARN_UNDECLARED_SELECTOR = YES;
				GCC_WARN_UNINITIALIZED_AUTOS = YES;
				GCC_WARN_UNUSED_FUNCTION = YES;
				GCC_WARN_UNUSED_VARIABLE = YES;
				IPHONEOS_DEPLOYMENT_TARGET = 7.0;
				ONLY_ACTIVE_ARCH = YES;
				PROVISIONING_PROFILE = "";
				SDKROOT = iphoneos;
				TARGETED_DEVICE_FAMILY = "1,2";
			};
			name = Debug;
		};
		F73F6D5A18AC586B00734B00 /* Release */ = {
			isa = XCBuildConfiguration;
			buildSettings = {
				ALWAYS_SEARCH_USER_PATHS = NO;
				ARCHS = "$(ARCHS_STANDARD_INCLUDING_64_BIT)";
				CLANG_CXX_LANGUAGE_STANDARD = "gnu++0x";
				CLANG_CXX_LIBRARY = "libc++";
				CLANG_ENABLE_MODULES = YES;
				CLANG_ENABLE_OBJC_ARC = YES;
				CLANG_WARN_BOOL_CONVERSION = YES;
				CLANG_WARN_CONSTANT_CONVERSION = YES;
				CLANG_WARN_DIRECT_OBJC_ISA_USAGE = YES_ERROR;
				CLANG_WARN_EMPTY_BODY = YES;
				CLANG_WARN_ENUM_CONVERSION = YES;
				CLANG_WARN_INT_CONVERSION = YES;
				CLANG_WARN_OBJC_ROOT_CLASS = YES_ERROR;
				CLANG_WARN__DUPLICATE_METHOD_MATCH = YES;
				"CODE_SIGN_IDENTITY[sdk=iphoneos*]" = "iPhone Distribution";
				COPY_PHASE_STRIP = YES;
				ENABLE_NS_ASSERTIONS = NO;
				GCC_C_LANGUAGE_STANDARD = gnu99;
				GCC_WARN_64_TO_32_BIT_CONVERSION = YES;
				GCC_WARN_ABOUT_RETURN_TYPE = YES_ERROR;
				GCC_WARN_UNDECLARED_SELECTOR = YES;
				GCC_WARN_UNINITIALIZED_AUTOS = YES;
				GCC_WARN_UNUSED_FUNCTION = YES;
				GCC_WARN_UNUSED_VARIABLE = YES;
				IPHONEOS_DEPLOYMENT_TARGET = 7.0;
				PROVISIONING_PROFILE = "";
				SDKROOT = iphoneos;
				TARGETED_DEVICE_FAMILY = "1,2";
				VALIDATE_PRODUCT = YES;
			};
			name = Release;
		};
		F73F6D5C18AC586B00734B00 /* Debug */ = {
			isa = XCBuildConfiguration;
			buildSettings = {
				ASSETCATALOG_COMPILER_APPICON_NAME = AppIcon;
				ASSETCATALOG_COMPILER_LAUNCHIMAGE_NAME = LaunchImage;
				CODE_SIGN_IDENTITY = "iPhone Developer";
				"CODE_SIGN_IDENTITY[sdk=iphoneos*]" = "iPhone Developer";
				GCC_PRECOMPILE_PREFIX_HEADER = YES;
				GCC_PREFIX_HEADER = "MegaStack/MegaStack-Prefix.pch";
				INFOPLIST_FILE = "MegaStack/MegaStack-Info.plist";
				LIBRARY_SEARCH_PATHS = (
					"$(inherited)",
					/Users/FlyinGeek/Developer/MegaStack/MegaStack/TestFlightSDK2,
				);
				PRODUCT_NAME = "$(TARGET_NAME)";
				PROVISIONING_PROFILE = "9BF4F9DD-DDA1-44BD-98DE-A224A8AC69FA";
				WRAPPER_EXTENSION = app;
			};
			name = Debug;
		};
		F73F6D5D18AC586B00734B00 /* Release */ = {
			isa = XCBuildConfiguration;
			buildSettings = {
				ASSETCATALOG_COMPILER_APPICON_NAME = AppIcon;
				ASSETCATALOG_COMPILER_LAUNCHIMAGE_NAME = LaunchImage;
				CODE_SIGN_IDENTITY = "iPhone Developer";
				"CODE_SIGN_IDENTITY[sdk=iphoneos*]" = "iPhone Developer";
				GCC_PRECOMPILE_PREFIX_HEADER = YES;
				GCC_PREFIX_HEADER = "MegaStack/MegaStack-Prefix.pch";
				INFOPLIST_FILE = "MegaStack/MegaStack-Info.plist";
				LIBRARY_SEARCH_PATHS = (
					"$(inherited)",
					/Users/FlyinGeek/Developer/MegaStack/MegaStack/TestFlightSDK2,
				);
				PRODUCT_NAME = "$(TARGET_NAME)";
				PROVISIONING_PROFILE = "9BF4F9DD-DDA1-44BD-98DE-A224A8AC69FA";
				WRAPPER_EXTENSION = app;
			};
			name = Release;
		};
		F73F6D5F18AC586B00734B00 /* Debug */ = {
			isa = XCBuildConfiguration;
			buildSettings = {
				ARCHS = "$(ARCHS_STANDARD_INCLUDING_64_BIT)";
				BUNDLE_LOADER = "$(BUILT_PRODUCTS_DIR)/MegaStack.app/MegaStack";
				FRAMEWORK_SEARCH_PATHS = (
					"$(SDKROOT)/Developer/Library/Frameworks",
					"$(inherited)",
					"$(DEVELOPER_FRAMEWORKS_DIR)",
				);
				GCC_PRECOMPILE_PREFIX_HEADER = YES;
				GCC_PREFIX_HEADER = "MegaStack/MegaStack-Prefix.pch";
				GCC_PREPROCESSOR_DEFINITIONS = (
					"DEBUG=1",
					"$(inherited)",
				);
				INFOPLIST_FILE = "MegaStackTests/MegaStackTests-Info.plist";
				PRODUCT_NAME = "$(TARGET_NAME)";
				TEST_HOST = "$(BUNDLE_LOADER)";
				WRAPPER_EXTENSION = xctest;
			};
			name = Debug;
		};
		F73F6D6018AC586B00734B00 /* Release */ = {
			isa = XCBuildConfiguration;
			buildSettings = {
				ARCHS = "$(ARCHS_STANDARD_INCLUDING_64_BIT)";
				BUNDLE_LOADER = "$(BUILT_PRODUCTS_DIR)/MegaStack.app/MegaStack";
				FRAMEWORK_SEARCH_PATHS = (
					"$(SDKROOT)/Developer/Library/Frameworks",
					"$(inherited)",
					"$(DEVELOPER_FRAMEWORKS_DIR)",
				);
				GCC_PRECOMPILE_PREFIX_HEADER = YES;
				GCC_PREFIX_HEADER = "MegaStack/MegaStack-Prefix.pch";
				INFOPLIST_FILE = "MegaStackTests/MegaStackTests-Info.plist";
				PRODUCT_NAME = "$(TARGET_NAME)";
				TEST_HOST = "$(BUNDLE_LOADER)";
				WRAPPER_EXTENSION = xctest;
			};
			name = Release;
		};
/* End XCBuildConfiguration section */

/* Begin XCConfigurationList section */
		F73F6D2118AC586B00734B00 /* Build configuration list for PBXProject "MegaStack" */ = {
			isa = XCConfigurationList;
			buildConfigurations = (
				F73F6D5918AC586B00734B00 /* Debug */,
				F73F6D5A18AC586B00734B00 /* Release */,
			);
			defaultConfigurationIsVisible = 0;
			defaultConfigurationName = Release;
		};
		F73F6D5B18AC586B00734B00 /* Build configuration list for PBXNativeTarget "MegaStack" */ = {
			isa = XCConfigurationList;
			buildConfigurations = (
				F73F6D5C18AC586B00734B00 /* Debug */,
				F73F6D5D18AC586B00734B00 /* Release */,
			);
			defaultConfigurationIsVisible = 0;
			defaultConfigurationName = Release;
		};
		F73F6D5E18AC586B00734B00 /* Build configuration list for PBXNativeTarget "MegaStackTests" */ = {
			isa = XCConfigurationList;
			buildConfigurations = (
				F73F6D5F18AC586B00734B00 /* Debug */,
				F73F6D6018AC586B00734B00 /* Release */,
			);
			defaultConfigurationIsVisible = 0;
			defaultConfigurationName = Release;
		};
/* End XCConfigurationList section */
	};
	rootObject = F73F6D1E18AC586B00734B00 /* Project object */;
}
